github.com/djherbis/stream v1.4.0 h1:aVD46WZUiq5kJk55yxJAyw6Kuera6kmC3i2vEQyW/AE=
github.com/djherbis/stream v1.4.0/go.mod h1:cqjC1ZRq3FFwkGmUtHwcldbnW8f0Q4YuVsGW1eAFtOk=
github.com/reeveci/reeve-lib v1.0.1 h1:q7+ELBsBslg6e6BtRjKQ2lhVK2oV+LV3VKMzlBbH0/g=
github.com/reeveci/reeve-lib v1.0.1/go.mod h1:E7G2j2FBvGVDk7D4t6xr+VId056DXpZX6O9SmiaK/tQ=
